
Microsoft Visual Studio Solution File, Format Version 12.00
# Visual Studio Version 17
VisualStudioVersion = 17.9.34728.123
MinimumVisualStudioVersion = 10.0.40219.1
Project("{9A19103F-16F7-4668-BE54-9A1E7A4F7556}") = "ChatApp", "ChatApp\ChatApp.csproj", "{6F14B445-BDDC-49B7-8244-94E2A63C58BA}"
EndProject
Project("{9A19103F-16F7-4668-BE54-9A1E7A4F7556}") = "Library", "Library\Library.csproj", "{B95E85ED-AD22-4579-AAC7-38C3C5EA5852}"
EndProject
Project("{9A19103F-16F7-4668-BE54-9A1E7A4F7556}") = "Api", "Api\Api.csproj", "{01C3DE89-0D2F-49E7-A9A0-EF9B62790ACE}"
EndProject
Project("{2150E333-8FDC-42A3-9474-1A3956D46DE8}") = "TestForGrpc", "TestForGrpc", "{A366D94A-C1D4-474C-A8C8-AD1269540606}"
EndProject
Project("{FAE04EC0-301F-11D3-BF4B-00C04F79EFBC}") = "TestConsole1", "TestConsole1\TestConsole1.csproj", "{86604E99-D35B-45D5-B34E-0831F2491A85}"
EndProject
Project("{FAE04EC0-301F-11D3-BF4B-00C04F79EFBC}") = "TestConsole2", "TestConsole2\TestConsole2.csproj", "{2B867024-B35A-4091-ACF5-7AA91C7C70A6}"
EndProject
Global
	GlobalSection(SolutionConfigurationPlatforms) = preSolution
		Debug|Any CPU = Debug|Any CPU
		Release|Any CPU = Release|Any CPU
	EndGlobalSection
	GlobalSection(ProjectConfigurationPlatforms) = postSolution
		{6F14B445-BDDC-49B7-8244-94E2A63C58BA}.Debug|Any CPU.ActiveCfg = Debug|Any CPU
		{6F14B445-BDDC-49B7-8244-94E2A63C58BA}.Debug|Any CPU.Build.0 = Debug|Any CPU
		{6F14B445-BDDC-49B7-8244-94E2A63C58BA}.Release|Any CPU.ActiveCfg = Release|Any CPU
		{6F14B445-BDDC-49B7-8244-94E2A63C58BA}.Release|Any CPU.Build.0 = Release|Any CPU
		{B95E85ED-AD22-4579-AAC7-38C3C5EA5852}.Debug|Any CPU.ActiveCfg = Debug|Any CPU
		{B95E85ED-AD22-4579-AAC7-38C3C5EA5852}.Debug|Any CPU.Build.0 = Debug|Any CPU
		{B95E85ED-AD22-4579-AAC7-38C3C5EA5852}.Release|Any CPU.ActiveCfg = Release|Any CPU
		{B95E85ED-AD22-4579-AAC7-38C3C5EA5852}.Release|Any CPU.Build.0 = Release|Any CPU
		{01C3DE89-0D2F-49E7-A9A0-EF9B62790ACE}.Debug|Any CPU.ActiveCfg = Debug|Any CPU
		{01C3DE89-0D2F-49E7-A9A0-EF9B62790ACE}.Debug|Any CPU.Build.0 = Debug|Any CPU
		{01C3DE89-0D2F-49E7-A9A0-EF9B62790ACE}.Release|Any CPU.ActiveCfg = Release|Any CPU
		{01C3DE89-0D2F-49E7-A9A0-EF9B62790ACE}.Release|Any CPU.Build.0 = Release|Any CPU
		{86604E99-D35B-45D5-B34E-0831F2491A85}.Debug|Any CPU.ActiveCfg = Debug|Any CPU
		{86604E99-D35B-45D5-B34E-0831F2491A85}.Debug|Any CPU.Build.0 = Debug|Any CPU
		{86604E99-D35B-45D5-B34E-0831F2491A85}.Release|Any CPU.ActiveCfg = Release|Any CPU
		{86604E99-D35B-45D5-B34E-0831F2491A85}.Release|Any CPU.Build.0 = Release|Any CPU
		{2B867024-B35A-4091-ACF5-7AA91C7C70A6}.Debug|Any CPU.ActiveCfg = Debug|Any CPU
		{2B867024-B35A-4091-ACF5-7AA91C7C70A6}.Debug|Any CPU.Build.0 = Debug|Any CPU
		{2B867024-B35A-4091-ACF5-7AA91C7C70A6}.Release|Any CPU.ActiveCfg = Release|Any CPU
		{2B867024-B35A-4091-ACF5-7AA91C7C70A6}.Release|Any CPU.Build.0 = Release|Any CPU
	EndGlobalSection
	GlobalSection(SolutionProperties) = preSolution
		HideSolutionNode = FALSE
	EndGlobalSection
	GlobalSection(NestedProjects) = preSolution
		{86604E99-D35B-45D5-B34E-0831F2491A85} = {A366D94A-C1D4-474C-A8C8-AD1269540606}
		{2B867024-B35A-4091-ACF5-7AA91C7C70A6} = {A366D94A-C1D4-474C-A8C8-AD1269540606}
	EndGlobalSection
	GlobalSection(ExtensibilityGlobals) = postSolution
		SolutionGuid = {89A858E3-A483-41A3-8213-D8BCE50DE93B}
	EndGlobalSection
EndGlobal
